// !$*UTF8*$!
{
	archiveVersion = 1;
	classes = {
	};
	objectVersion = 46;
	objects = {

/* Begin PBXBuildFile section */
		20AD23F31D91972D0040A13B /* AppDelegate.swift in Sources */ = {isa = PBXBuildFile; fileRef = 20AD23F21D91972D0040A13B /* AppDelegate.swift */; };
		20AD23F51D91972D0040A13B /* ViewController.swift in Sources */ = {isa = PBXBuildFile; fileRef = 20AD23F41D91972D0040A13B /* ViewController.swift */; };
		20AD23F81D91972D0040A13B /* Main.storyboard in Resources */ = {isa = PBXBuildFile; fileRef = 20AD23F61D91972D0040A13B /* Main.storyboard */; };
		20AD23FA1D91972D0040A13B /* Assets.xcassets in Resources */ = {isa = PBXBuildFile; fileRef = 20AD23F91D91972D0040A13B /* Assets.xcassets */; };
		20AD23FD1D91972D0040A13B /* LaunchScreen.storyboard in Resources */ = {isa = PBXBuildFile; fileRef = 20AD23FB1D91972D0040A13B /* LaunchScreen.storyboard */; };
		20AD24051D91982D0040A13B /* NetworkTool.swift in Sources */ = {isa = PBXBuildFile; fileRef = 20AD24041D91982D0040A13B /* NetworkTool.swift */; };
		D7F78ED491E7A54109F78DB9 /* Pods_swift__________.framework in Frameworks */ = {isa = PBXBuildFile; fileRef = 9CD28DE5EDD0C0CB53CD4DB8 /* Pods_swift__________.framework */; };
/* End PBXBuildFile section */

/* Begin PBXFileReference section */
		20AD23EF1D91972D0040A13B /* swift封装网络请求工具类一.app */ = {isa = PBXFileReference; explicitFileType = wrapper.application; includeInIndex = 0; path = "swift封装网络请求工具类一.app"; sourceTree = BUILT_PRODUCTS_DIR; };
		20AD23F21D91972D0040A13B /* AppDelegate.swift */ = {isa = PBXFileReference; lastKnownFileType = sourcecode.swift; path = AppDelegate.swift; sourceTree = "<group>"; };
		20AD23F41D91972D0040A13B /* ViewController.swift */ = {isa = PBXFileReference; lastKnownFileType = sourcecode.swift; path = ViewController.swift; sourceTree = "<group>"; };
		20AD23F71D91972D0040A13B /* Base */ = {isa = PBXFileReference; lastKnownFileType = file.storyboard; name = Base; path = Base.lproj/Main.storyboard; sourceTree = "<group>"; };
		20AD23F91D91972D0040A13B /* Assets.xcassets */ = {isa = PBXFileReference; lastKnownFileType = folder.assetcatalog; path = Assets.xcassets; sourceTree = "<group>"; };
		20AD23FC1D91972D0040A13B /* Base */ = {isa = PBXFileReference; lastKnownFileType = file.storyboard; name = Base; path = Base.lproj/LaunchScreen.storyboard; sourceTree = "<group>"; };
		20AD23FE1D91972D0040A13B /* Info.plist */ = {isa = PBXFileReference; lastKnownFileType = text.plist.xml; path = Info.plist; sourceTree = "<group>"; };
		20AD24041D91982D0040A13B /* NetworkTool.swift */ = {isa = PBXFileReference; fileEncoding = 4; lastKnownFileType = sourcecode.swift; path = NetworkTool.swift; sourceTree = "<group>"; };
		68E1DF249D971DEC5D2EBE52 /* Pods-swift封装网络请求工具类一.release.xcconfig */ = {isa = PBXFileReference; includeInIndex = 1; lastKnownFileType = text.xcconfig; name = "Pods-swift封装网络请求工具类一.release.xcconfig"; path = "Pods/Target Support Files/Pods-swift封装网络请求工具类一/Pods-swift封装网络请求工具类一.release.xcconfig"; sourceTree = "<group>"; };
		6AE0B47EFABF8FDDD93B27A6 /* Pods-swift封装网络请求工具类一.debug.xcconfig */ = {isa = PBXFileReference; includeInIndex = 1; lastKnownFileType = text.xcconfig; name = "Pods-swift封装网络请求工具类一.debug.xcconfig"; path = "Pods/Target Support Files/Pods-swift封装网络请求工具类一/Pods-swift封装网络请求工具类一.debug.xcconfig"; sourceTree = "<group>"; };
		9CD28DE5EDD0C0CB53CD4DB8 /* Pods_swift__________.framework */ = {isa = PBXFileReference; explicitFileType = wrapper.framework; includeInIndex = 0; path = "Pods_swift__________.framework"; sourceTree = BUILT_PRODUCTS_DIR; };
/* End PBXFileReference section */

/* Begin PBXFrameworksBuildPhase section */
		20AD23EC1D91972D0040A13B /* Frameworks */ = {
			isa = PBXFrameworksBuildPhase;
			buildActionMask = 2147483647;
			files = (
				D7F78ED491E7A54109F78DB9 /* Pods_swift__________.framework in Frameworks */,
			);
			runOnlyForDeploymentPostprocessing = 0;
		};
/* End PBXFrameworksBuildPhase section */

/* Begin PBXGroup section */
		20AD23E61D91972D0040A13B = {
			isa = PBXGroup;
			children = (
				20AD23F11D91972D0040A13B /* swift封装网络请求工具类一 */,
				20AD23F01D91972D0040A13B /* Products */,
				2BE7CDD9A8874701CA909F63 /* Pods */,
				AD13F09C92A460A356E439B6 /* Frameworks */,
			);
			sourceTree = "<group>";
		};
		20AD23F01D91972D0040A13B /* Products */ = {
			isa = PBXGroup;
			children = (
				20AD23EF1D91972D0040A13B /* swift封装网络请求工具类一.app */,
			);
			name = Products;
			sourceTree = "<group>";
		};
		20AD23F11D91972D0040A13B /* swift封装网络请求工具类一 */ = {
			isa = PBXGroup;
			children = (
				20AD23F21D91972D0040A13B /* AppDelegate.swift */,
				20AD23F41D91972D0040A13B /* ViewController.swift */,
				20AD24041D91982D0040A13B /* NetworkTool.swift */,
				20AD23F61D91972D0040A13B /* Main.storyboard */,
				20AD23F91D91972D0040A13B /* Assets.xcassets */,
				20AD23FB1D91972D0040A13B /* LaunchScreen.storyboard */,
				20AD23FE1D91972D0040A13B /* Info.plist */,
			);
			path = "swift封装网络请求工具类一";
			sourceTree = "<group>";
		};
		2BE7CDD9A8874701CA909F63 /* Pods */ = {
			isa = PBXGroup;
			children = (
				6AE0B47EFABF8FDDD93B27A6 /* Pods-swift封装网络请求工具类一.debug.xcconfig */,
				68E1DF249D971DEC5D2EBE52 /* Pods-swift封装网络请求工具类一.release.xcconfig */,
			);
			name = Pods;
			sourceTree = "<group>";
		};
		AD13F09C92A460A356E439B6 /* Frameworks */ = {
			isa = PBXGroup;
			children = (
				9CD28DE5EDD0C0CB53CD4DB8 /* Pods_swift__________.framework */,
			);
			name = Frameworks;
			sourceTree = "<group>";
		};
/* End PBXGroup section */

/* Begin PBXNativeTarget section */
		20AD23EE1D91972D0040A13B /* swift封装网络请求工具类一 */ = {
			isa = PBXNativeTarget;
			buildConfigurationList = 20AD24011D91972D0040A13B /* Build configuration list for PBXNativeTarget "swift封装网络请求工具类一" */;
			buildPhases = (
				16FD5890D7314E1CFFB12F59 /* [CP] Check Pods Manifest.lock */,
				20AD23EB1D91972D0040A13B /* Sources */,
				20AD23EC1D91972D0040A13B /* Frameworks */,
				20AD23ED1D91972D0040A13B /* Resources */,
				A1F4656416843818269245EA /* [CP] Embed Pods Frameworks */,
				885A99BC59275B916F82457E /* [CP] Copy Pods Resources */,
			);
			buildRules = (
			);
			dependencies = (
			);
			name = "swift封装网络请求工具类一";
			productName = "swift封装网络请求工具类一";
			productReference = 20AD23EF1D91972D0040A13B /* swift封装网络请求工具类一.app */;
			productType = "com.apple.product-type.application";
		};
/* End PBXNativeTarget section */

/* Begin PBXProject section */
		20AD23E71D91972D0040A13B /* Project object */ = {
			isa = PBXProject;
			attributes = {
				LastSwiftUpdateCheck = 0800;
				LastUpgradeCheck = 0800;
				ORGANIZATIONNAME = HM;
				TargetAttributes = {
					20AD23EE1D91972D0040A13B = {
						CreatedOnToolsVersion = 8.0;
						ProvisioningStyle = Automatic;
					};
				};
			};
			buildConfigurationList = 20AD23EA1D91972D0040A13B /* Build configuration list for PBXProject "swift封装网络请求工具类一" */;
			compatibilityVersion = "Xcode 3.2";
			developmentRegion = English;
			hasScannedForEncodings = 0;
			knownRegions = (
				en,
				Base,
			);
			mainGroup = 20AD23E61D91972D0040A13B;
			productRefGroup = 20AD23F01D91972D0040A13B /* Products */;
			projectDirPath = "";
			projectRoot = "";
			targets = (
				20AD23EE1D91972D0040A13B /* swift封装网络请求工具类一 */,
			);
		};
/* End PBXProject section */

/* Begin PBXResourcesBuildPhase section */
		20AD23ED1D91972D0040A13B /* Resources */ = {
			isa = PBXResourcesBuildPhase;
			buildActionMask = 2147483647;
			files = (
				20AD23FD1D91972D0040A13B /* LaunchScreen.storyboard in Resources */,
				20AD23FA1D91972D0040A13B /* Assets.xcassets in Resources */,
				20AD23F81D91972D0040A13B /* Main.storyboard in Resources */,
			);
			runOnlyForDeploymentPostprocessing = 0;
		};
/* End PBXResourcesBuildPhase section */

/* Begin PBXShellScriptBuildPhase section */
		16FD5890D7314E1CFFB12F59 /* [CP] Check Pods Manifest.lock */ = {
			isa = PBXShellScriptBuildPhase;
			buildActionMask = 2147483647;
			files = (
			);
			inputPaths = (
			);
			name = "[CP] Check Pods Manifest.lock";
			outputPaths = (
			);
			runOnlyForDeploymentPostprocessing = 0;
			shellPath = /bin/sh;
			shellScript = "diff \"${PODS_ROOT}/../Podfile.lock\" \"${PODS_ROOT}/Manifest.lock\" > /dev/null\nif [[ $? != 0 ]] ; then\n    cat << EOM\nerror: The sandbox is not in sync with the Podfile.lock. Run 'pod install' or update your CocoaPods installation.\nEOM\n    exit 1\nfi\n";
			showEnvVarsInLog = 0;
		};
		885A99BC59275B916F82457E /* [CP] Copy Pods Resources */ = {
			isa = PBXShellScriptBuildPhase;
			buildActionMask = 2147483647;
			files = (
			);
			inputPaths = (
			);
			name = "[CP] Copy Pods Resources";
			outputPaths = (
			);
			runOnlyForDeploymentPostprocessing = 0;
			shellPath = /bin/sh;
			shellScript = "\"${SRCROOT}/Pods/Target Support Files/Pods-swift封装网络请求工具类一/Pods-swift封装网络请求工具类一-resources.sh\"\n";
			showEnvVarsInLog = 0;
		};
		A1F4656416843818269245EA /* [CP] Embed Pods Frameworks */ = {
			isa = PBXShellScriptBuildPhase;
			buildActionMask = 2147483647;
			files = (
			);
			inputPaths = (
			);
			name = "[CP] Embed Pods Frameworks";
			outputPaths = (
			);
			runOnlyForDeploymentPostprocessing = 0;
			shellPath = /bin/sh;
			shellScript = "\"${SRCROOT}/Pods/Target Support Files/Pods-swift封装网络请求工具类一/Pods-swift封装网络请求工具类一-frameworks.sh\"\n";
			showEnvVarsInLog = 0;
		};
/* End PBXShellScriptBuildPhase section */

/* Begin PBXSourcesBuildPhase section */
		20AD23EB1D91972D0040A13B /* Sources */ = {
			isa = PBXSourcesBuildPhase;
			buildActionMask = 2147483647;
			files = (
				20AD23F51D91972D0040A13B /* ViewController.swift in Sources */,
				20AD24051D91982D0040A13B /* NetworkTool.swift in Sources */,
				20AD23F31D91972D0040A13B /* AppDelegate.swift in Sources */,
			);
			runOnlyForDeploymentPostprocessing = 0;
		};
/* End PBXSourcesBuildPhase section */

/* Begin PBXVariantGroup section */
		20AD23F61D91972D0040A13B /* Main.storyboard */ = {
			isa = PBXVariantGroup;
			children = (
				20AD23F71D91972D0040A13B /* Base */,
			);
			name = Main.storyboard;
			sourceTree = "<group>";
		};
		20AD23FB1D91972D0040A13B /* LaunchScreen.storyboard */ = {
			isa = PBXVariantGroup;
			children = (
				20AD23FC1D91972D0040A13B /* Base */,
			);
			name = LaunchScreen.storyboard;
			sourceTree = "<group>";
		};
/* End PBXVariantGroup section */

/* Begin XCBuildConfiguration section */
		20AD23FF1D91972D0040A13B /* Debug */ = {
			isa = XCBuildConfiguration;
			buildSettings = {
				ALWAYS_SEARCH_USER_PATHS = NO;
				CLANG_ANALYZER_NONNULL = YES;
				CLANG_CXX_LANGUAGE_STANDARD = "gnu++0x";
				CLANG_CXX_LIBRARY = "libc++";
				CLANG_ENABLE_MODULES = YES;
				CLANG_ENABLE_OBJC_ARC = YES;
				CLANG_WARN_BOOL_CONVERSION = YES;
				CLANG_WARN_CONSTANT_CONVERSION = YES;
				CLANG_WARN_DIRECT_OBJC_ISA_USAGE = YES_ERROR;
				CLANG_WARN_DOCUMENTATION_COMMENTS = YES;
				CLANG_WARN_EMPTY_BODY = YES;
				CLANG_WARN_ENUM_CONVERSION = YES;
				CLANG_WARN_INFINITE_RECURSION = YES;
				CLANG_WARN_INT_CONVERSION = YES;
				CLANG_WARN_OBJC_ROOT_CLASS = YES_ERROR;
				CLANG_WARN_SUSPICIOUS_MOVES = YES;
				CLANG_WARN_UNREACHABLE_CODE = YES;
				CLANG_WARN__DUPLICATE_METHOD_MATCH = YES;
				"CODE_SIGN_IDENTITY[sdk=iphoneos*]" = "iPhone Developer";
				COPY_PHASE_STRIP = NO;
				DEBUG_INFORMATION_FORMAT = dwarf;
				ENABLE_STRICT_OBJC_MSGSEND = YES;
				ENABLE_TESTABILITY = YES;
				GCC_C_LANGUAGE_STANDARD = gnu99;
				GCC_DYNAMIC_NO_PIC = NO;
				GCC_NO_COMMON_BLOCKS = YES;
				GCC_OPTIMIZATION_LEVEL = 0;
				GCC_PREPROCESSOR_DEFINITIONS = (
					"DEBUG=1",
					"$(inherited)",
				);
				GCC_WARN_64_TO_32_BIT_CONVERSION = YES;
				GCC_WARN_ABOUT_RETURN_TYPE = YES_ERROR;
				GCC_WARN_UNDECLARED_SELECTOR = YES;
				GCC_WARN_UNINITIALIZED_AUTOS = YES_AGGRESSIVE;
				GCC_WARN_UNUSED_FUNCTION = YES;
				GCC_WARN_UNUSED_VARIABLE = YES;
				IPHONEOS_DEPLOYMENT_TARGET = 10.0;
				MTL_ENABLE_DEBUG_INFO = YES;
				ONLY_ACTIVE_ARCH = YES;
				SDKROOT = iphoneos;
				SWIFT_ACTIVE_COMPILATION_CONDITIONS = DEBUG;
				SWIFT_OPTIMIZATION_LEVEL = "-Onone";
			};
			name = Debug;
		};
		20AD24001D91972D0040A13B /* Release */ = {
			isa = XCBuildConfiguration;
			buildSettings = {
				ALWAYS_SEARCH_USER_PATHS = NO;
				CLANG_ANALYZER_NONNULL = YES;
				CLANG_CXX_LANGUAGE_STANDARD = "gnu++0x";
				CLANG_CXX_LIBRARY = "libc++";
				CLANG_ENABLE_MODULES = YES;
				CLANG_ENABLE_OBJC_ARC = YES;
				CLANG_WARN_BOOL_CONVERSION = YES;
				CLANG_WARN_CONSTANT_CONVERSION = YES;
				CLANG_WARN_DIRECT_OBJC_ISA_USAGE = YES_ERROR;
				CLANG_WARN_DOCUMENTATION_COMMENTS = YES;
				CLANG_WARN_EMPTY_BODY = YES;
				CLANG_WARN_ENUM_CONVERSION = YES;
				CLANG_WARN_INFINITE_RECURSION = YES;
				CLANG_WARN_INT_CONVERSION = YES;
				CLANG_WARN_OBJC_ROOT_CLASS = YES_ERROR;
				CLANG_WARN_SUSPICIOUS_MOVES = YES;
				CLANG_WARN_UNREACHABLE_CODE = YES;
				CLANG_WARN__DUPLICATE_METHOD_MATCH = YES;
				"CODE_SIGN_IDENTITY[sdk=iphoneos*]" = "iPhone Developer";
				COPY_PHASE_STRIP = NO;
				DEBUG_INFORMATION_FORMAT = "dwarf-with-dsym";
				ENABLE_NS_ASSERTIONS = NO;
				ENABLE_STRICT_OBJC_MSGSEND = YES;
				GCC_C_LANGUAGE_STANDARD = gnu99;
				GCC_NO_COMMON_BLOCKS = YES;
				GCC_WARN_64_TO_32_BIT_CONVERSION = YES;
				GCC_WARN_ABOUT_RETURN_TYPE = YES_ERROR;
				GCC_WARN_UNDECLARED_SELECTOR = YES;
				GCC_WARN_UNINITIALIZED_AUTOS = YES_AGGRESSIVE;
				GCC_WARN_UNUSED_FUNCTION = YES;
				GCC_WARN_UNUSED_VARIABLE = YES;
				IPHONEOS_DEPLOYMENT_TARGET = 10.0;
				MTL_ENABLE_DEBUG_INFO = NO;
				SDKROOT = iphoneos;
				SWIFT_OPTIMIZATION_LEVEL = "-Owholemodule";
				VALIDATE_PRODUCT = YES;
			};
			name = Release;
		};
		20AD24021D91972D0040A13B /* Debug */ = {
			isa = XCBuildConfiguration;
			baseConfigurationReference = 6AE0B47EFABF8FDDD93B27A6 /* Pods-swift封装网络请求工具类一.debug.xcconfig */;
			buildSettings = {
				ASSETCATALOG_COMPILER_APPICON_NAME = AppIcon;
				INFOPLIST_FILE = "swift封装网络请求工具类一/Info.plist";
				LD_RUNPATH_SEARCH_PATHS = "$(inherited) @executable_path/Frameworks";
				PRODUCT_BUNDLE_IDENTIFIER = "cn.itheima.swift----------";
				PRODUCT_NAME = "$(TARGET_NAME)";
				SWIFT_VERSION = 3.0;
			};
			name = Debug;
		};
		20AD24031D91972D0040A13B /* Release */ = {
			isa = XCBuildConfiguration;
			baseConfigurationReference = 68E1DF249D971DEC5D2EBE52 /* Pods-swift封装网络请求工具类一.release.xcconfig */;
			buildSettings = {
				ASSETCATALOG_COMPILER_APPICON_NAME = AppIcon;
				INFOPLIST_FILE = "swift封装网络请求工具类一/Info.plist";
				LD_RUNPATH_SEARCH_PATHS = "$(inherited) @executable_path/Frameworks";
				PRODUCT_BUNDLE_IDENTIFIER = "cn.itheima.swift----------";
				PRODUCT_NAME = "$(TARGET_NAME)";
				SWIFT_VERSION = 3.0;
			};
			name = Release;
		};
/* End XCBuildConfiguration section */

/* Begin XCConfigurationList section */
		20AD23EA1D91972D0040A13B /* Build configuration list for PBXProject "swift封装网络请求工具类一" */ = {
			isa = XCConfigurationList;
			buildConfigurations = (
				20AD23FF1D91972D0040A13B /* Debug */,
				20AD24001D91972D0040A13B /* Release */,
			);
			defaultConfigurationIsVisible = 0;
			defaultConfigurationName = Release;
		};
		20AD24011D91972D0040A13B /* Build configuration list for PBXNativeTarget "swift封装网络请求工具类一" */ = {
			isa = XCConfigurationList;
			buildConfigurations = (
				20AD24021D91972D0040A13B /* Debug */,
				20AD24031D91972D0040A13B /* Release */,
			);
			defaultConfigurationIsVisible = 0;
			defaultConfigurationName = Release;
		};
/* End XCConfigurationList section */
	};
	rootObject = 20AD23E71D91972D0040A13B /* Project object */;
}
