// !$*UTF8*$!
{
	archiveVersion = 1;
	classes = {
	};
	objectVersion = 46;
	objects = {

/* Begin PBXBuildFile section */
		20458CB91D8EC40800BA02A0 /* AppDelegate.swift in Sources */ = {isa = PBXBuildFile; fileRef = 20458CB81D8EC40800BA02A0 /* AppDelegate.swift */; };
		20458CBB1D8EC40800BA02A0 /* ViewController.swift in Sources */ = {isa = PBXBuildFile; fileRef = 20458CBA1D8EC40800BA02A0 /* ViewController.swift */; };
		20458CBE1D8EC40800BA02A0 /* Main.storyboard in Resources */ = {isa = PBXBuildFile; fileRef = 20458CBC1D8EC40800BA02A0 /* Main.storyboard */; };
		20458CC01D8EC40900BA02A0 /* Assets.xcassets in Resources */ = {isa = PBXBuildFile; fileRef = 20458CBF1D8EC40900BA02A0 /* Assets.xcassets */; };
		20458CC31D8EC40900BA02A0 /* LaunchScreen.storyboard in Resources */ = {isa = PBXBuildFile; fileRef = 20458CC11D8EC40900BA02A0 /* LaunchScreen.storyboard */; };
		20458CCB1D8EC56800BA02A0 /* DetailViewController.swift in Sources */ = {isa = PBXBuildFile; fileRef = 20458CCA1D8EC56800BA02A0 /* DetailViewController.swift */; };
		20458CCD1D8EC7DB00BA02A0 /* Person.swift in Sources */ = {isa = PBXBuildFile; fileRef = 20458CCC1D8EC7DB00BA02A0 /* Person.swift */; };
		20458CCF1D8ECEF800BA02A0 /* PersonCell.swift in Sources */ = {isa = PBXBuildFile; fileRef = 20458CCE1D8ECEF800BA02A0 /* PersonCell.swift */; };
/* End PBXBuildFile section */

/* Begin PBXFileReference section */
		20458CB51D8EC40800BA02A0 /* 项目演练.app */ = {isa = PBXFileReference; explicitFileType = wrapper.application; includeInIndex = 0; path = "项目演练.app"; sourceTree = BUILT_PRODUCTS_DIR; };
		20458CB81D8EC40800BA02A0 /* AppDelegate.swift */ = {isa = PBXFileReference; lastKnownFileType = sourcecode.swift; path = AppDelegate.swift; sourceTree = "<group>"; };
		20458CBA1D8EC40800BA02A0 /* ViewController.swift */ = {isa = PBXFileReference; lastKnownFileType = sourcecode.swift; path = ViewController.swift; sourceTree = "<group>"; };
		20458CBD1D8EC40800BA02A0 /* Base */ = {isa = PBXFileReference; lastKnownFileType = file.storyboard; name = Base; path = Base.lproj/Main.storyboard; sourceTree = "<group>"; };
		20458CBF1D8EC40900BA02A0 /* Assets.xcassets */ = {isa = PBXFileReference; lastKnownFileType = folder.assetcatalog; path = Assets.xcassets; sourceTree = "<group>"; };
		20458CC21D8EC40900BA02A0 /* Base */ = {isa = PBXFileReference; lastKnownFileType = file.storyboard; name = Base; path = Base.lproj/LaunchScreen.storyboard; sourceTree = "<group>"; };
		20458CC41D8EC40900BA02A0 /* Info.plist */ = {isa = PBXFileReference; lastKnownFileType = text.plist.xml; path = Info.plist; sourceTree = "<group>"; };
		20458CCA1D8EC56800BA02A0 /* DetailViewController.swift */ = {isa = PBXFileReference; fileEncoding = 4; lastKnownFileType = sourcecode.swift; path = DetailViewController.swift; sourceTree = "<group>"; };
		20458CCC1D8EC7DB00BA02A0 /* Person.swift */ = {isa = PBXFileReference; fileEncoding = 4; lastKnownFileType = sourcecode.swift; path = Person.swift; sourceTree = "<group>"; };
		20458CCE1D8ECEF800BA02A0 /* PersonCell.swift */ = {isa = PBXFileReference; fileEncoding = 4; lastKnownFileType = sourcecode.swift; path = PersonCell.swift; sourceTree = "<group>"; };
/* End PBXFileReference section */

/* Begin PBXFrameworksBuildPhase section */
		20458CB21D8EC40800BA02A0 /* Frameworks */ = {
			isa = PBXFrameworksBuildPhase;
			buildActionMask = 2147483647;
			files = (
			);
			runOnlyForDeploymentPostprocessing = 0;
		};
/* End PBXFrameworksBuildPhase section */

/* Begin PBXGroup section */
		20458CAC1D8EC40700BA02A0 = {
			isa = PBXGroup;
			children = (
				20458CB71D8EC40800BA02A0 /* 项目演练 */,
				20458CB61D8EC40800BA02A0 /* Products */,
			);
			sourceTree = "<group>";
		};
		20458CB61D8EC40800BA02A0 /* Products */ = {
			isa = PBXGroup;
			children = (
				20458CB51D8EC40800BA02A0 /* 项目演练.app */,
			);
			name = Products;
			sourceTree = "<group>";
		};
		20458CB71D8EC40800BA02A0 /* 项目演练 */ = {
			isa = PBXGroup;
			children = (
				20458CB81D8EC40800BA02A0 /* AppDelegate.swift */,
				20458CBA1D8EC40800BA02A0 /* ViewController.swift */,
				20458CCC1D8EC7DB00BA02A0 /* Person.swift */,
				20458CBC1D8EC40800BA02A0 /* Main.storyboard */,
				20458CCE1D8ECEF800BA02A0 /* PersonCell.swift */,
				20458CCA1D8EC56800BA02A0 /* DetailViewController.swift */,
				20458CBF1D8EC40900BA02A0 /* Assets.xcassets */,
				20458CC11D8EC40900BA02A0 /* LaunchScreen.storyboard */,
				20458CC41D8EC40900BA02A0 /* Info.plist */,
			);
			path = "项目演练";
			sourceTree = "<group>";
		};
/* End PBXGroup section */

/* Begin PBXNativeTarget section */
		20458CB41D8EC40800BA02A0 /* 项目演练 */ = {
			isa = PBXNativeTarget;
			buildConfigurationList = 20458CC71D8EC40900BA02A0 /* Build configuration list for PBXNativeTarget "项目演练" */;
			buildPhases = (
				20458CB11D8EC40800BA02A0 /* Sources */,
				20458CB21D8EC40800BA02A0 /* Frameworks */,
				20458CB31D8EC40800BA02A0 /* Resources */,
			);
			buildRules = (
			);
			dependencies = (
			);
			name = "项目演练";
			productName = "项目演练";
			productReference = 20458CB51D8EC40800BA02A0 /* 项目演练.app */;
			productType = "com.apple.product-type.application";
		};
/* End PBXNativeTarget section */

/* Begin PBXProject section */
		20458CAD1D8EC40700BA02A0 /* Project object */ = {
			isa = PBXProject;
			attributes = {
				LastSwiftUpdateCheck = 0800;
				LastUpgradeCheck = 0800;
				ORGANIZATIONNAME = HM;
				TargetAttributes = {
					20458CB41D8EC40800BA02A0 = {
						CreatedOnToolsVersion = 8.0;
						ProvisioningStyle = Automatic;
					};
				};
			};
			buildConfigurationList = 20458CB01D8EC40700BA02A0 /* Build configuration list for PBXProject "项目演练" */;
			compatibilityVersion = "Xcode 3.2";
			developmentRegion = English;
			hasScannedForEncodings = 0;
			knownRegions = (
				en,
				Base,
			);
			mainGroup = 20458CAC1D8EC40700BA02A0;
			productRefGroup = 20458CB61D8EC40800BA02A0 /* Products */;
			projectDirPath = "";
			projectRoot = "";
			targets = (
				20458CB41D8EC40800BA02A0 /* 项目演练 */,
			);
		};
/* End PBXProject section */

/* Begin PBXResourcesBuildPhase section */
		20458CB31D8EC40800BA02A0 /* Resources */ = {
			isa = PBXResourcesBuildPhase;
			buildActionMask = 2147483647;
			files = (
				20458CC31D8EC40900BA02A0 /* LaunchScreen.storyboard in Resources */,
				20458CC01D8EC40900BA02A0 /* Assets.xcassets in Resources */,
				20458CBE1D8EC40800BA02A0 /* Main.storyboard in Resources */,
			);
			runOnlyForDeploymentPostprocessing = 0;
		};
/* End PBXResourcesBuildPhase section */

/* Begin PBXSourcesBuildPhase section */
		20458CB11D8EC40800BA02A0 /* Sources */ = {
			isa = PBXSourcesBuildPhase;
			buildActionMask = 2147483647;
			files = (
				20458CCB1D8EC56800BA02A0 /* DetailViewController.swift in Sources */,
				20458CCF1D8ECEF800BA02A0 /* PersonCell.swift in Sources */,
				20458CBB1D8EC40800BA02A0 /* ViewController.swift in Sources */,
				20458CCD1D8EC7DB00BA02A0 /* Person.swift in Sources */,
				20458CB91D8EC40800BA02A0 /* AppDelegate.swift in Sources */,
			);
			runOnlyForDeploymentPostprocessing = 0;
		};
/* End PBXSourcesBuildPhase section */

/* Begin PBXVariantGroup section */
		20458CBC1D8EC40800BA02A0 /* Main.storyboard */ = {
			isa = PBXVariantGroup;
			children = (
				20458CBD1D8EC40800BA02A0 /* Base */,
			);
			name = Main.storyboard;
			sourceTree = "<group>";
		};
		20458CC11D8EC40900BA02A0 /* LaunchScreen.storyboard */ = {
			isa = PBXVariantGroup;
			children = (
				20458CC21D8EC40900BA02A0 /* Base */,
			);
			name = LaunchScreen.storyboard;
			sourceTree = "<group>";
		};
/* End PBXVariantGroup section */

/* Begin XCBuildConfiguration section */
		20458CC51D8EC40900BA02A0 /* Debug */ = {
			isa = XCBuildConfiguration;
			buildSettings = {
				ALWAYS_SEARCH_USER_PATHS = NO;
				CLANG_ANALYZER_NONNULL = YES;
				CLANG_CXX_LANGUAGE_STANDARD = "gnu++0x";
				CLANG_CXX_LIBRARY = "libc++";
				CLANG_ENABLE_MODULES = YES;
				CLANG_ENABLE_OBJC_ARC = YES;
				CLANG_WARN_BOOL_CONVERSION = YES;
				CLANG_WARN_CONSTANT_CONVERSION = YES;
				CLANG_WARN_DIRECT_OBJC_ISA_USAGE = YES_ERROR;
				CLANG_WARN_DOCUMENTATION_COMMENTS = YES;
				CLANG_WARN_EMPTY_BODY = YES;
				CLANG_WARN_ENUM_CONVERSION = YES;
				CLANG_WARN_INFINITE_RECURSION = YES;
				CLANG_WARN_INT_CONVERSION = YES;
				CLANG_WARN_OBJC_ROOT_CLASS = YES_ERROR;
				CLANG_WARN_SUSPICIOUS_MOVES = YES;
				CLANG_WARN_UNREACHABLE_CODE = YES;
				CLANG_WARN__DUPLICATE_METHOD_MATCH = YES;
				"CODE_SIGN_IDENTITY[sdk=iphoneos*]" = "iPhone Developer";
				COPY_PHASE_STRIP = NO;
				DEBUG_INFORMATION_FORMAT = dwarf;
				ENABLE_STRICT_OBJC_MSGSEND = YES;
				ENABLE_TESTABILITY = YES;
				GCC_C_LANGUAGE_STANDARD = gnu99;
				GCC_DYNAMIC_NO_PIC = NO;
				GCC_NO_COMMON_BLOCKS = YES;
				GCC_OPTIMIZATION_LEVEL = 0;
				GCC_PREPROCESSOR_DEFINITIONS = (
					"DEBUG=1",
					"$(inherited)",
				);
				GCC_WARN_64_TO_32_BIT_CONVERSION = YES;
				GCC_WARN_ABOUT_RETURN_TYPE = YES_ERROR;
				GCC_WARN_UNDECLARED_SELECTOR = YES;
				GCC_WARN_UNINITIALIZED_AUTOS = YES_AGGRESSIVE;
				GCC_WARN_UNUSED_FUNCTION = YES;
				GCC_WARN_UNUSED_VARIABLE = YES;
				IPHONEOS_DEPLOYMENT_TARGET = 10.0;
				MTL_ENABLE_DEBUG_INFO = YES;
				ONLY_ACTIVE_ARCH = YES;
				SDKROOT = iphoneos;
				SWIFT_ACTIVE_COMPILATION_CONDITIONS = DEBUG;
				SWIFT_OPTIMIZATION_LEVEL = "-Onone";
			};
			name = Debug;
		};
		20458CC61D8EC40900BA02A0 /* Release */ = {
			isa = XCBuildConfiguration;
			buildSettings = {
				ALWAYS_SEARCH_USER_PATHS = NO;
				CLANG_ANALYZER_NONNULL = YES;
				CLANG_CXX_LANGUAGE_STANDARD = "gnu++0x";
				CLANG_CXX_LIBRARY = "libc++";
				CLANG_ENABLE_MODULES = YES;
				CLANG_ENABLE_OBJC_ARC = YES;
				CLANG_WARN_BOOL_CONVERSION = YES;
				CLANG_WARN_CONSTANT_CONVERSION = YES;
				CLANG_WARN_DIRECT_OBJC_ISA_USAGE = YES_ERROR;
				CLANG_WARN_DOCUMENTATION_COMMENTS = YES;
				CLANG_WARN_EMPTY_BODY = YES;
				CLANG_WARN_ENUM_CONVERSION = YES;
				CLANG_WARN_INFINITE_RECURSION = YES;
				CLANG_WARN_INT_CONVERSION = YES;
				CLANG_WARN_OBJC_ROOT_CLASS = YES_ERROR;
				CLANG_WARN_SUSPICIOUS_MOVES = YES;
				CLANG_WARN_UNREACHABLE_CODE = YES;
				CLANG_WARN__DUPLICATE_METHOD_MATCH = YES;
				"CODE_SIGN_IDENTITY[sdk=iphoneos*]" = "iPhone Developer";
				COPY_PHASE_STRIP = NO;
				DEBUG_INFORMATION_FORMAT = "dwarf-with-dsym";
				ENABLE_NS_ASSERTIONS = NO;
				ENABLE_STRICT_OBJC_MSGSEND = YES;
				GCC_C_LANGUAGE_STANDARD = gnu99;
				GCC_NO_COMMON_BLOCKS = YES;
				GCC_WARN_64_TO_32_BIT_CONVERSION = YES;
				GCC_WARN_ABOUT_RETURN_TYPE = YES_ERROR;
				GCC_WARN_UNDECLARED_SELECTOR = YES;
				GCC_WARN_UNINITIALIZED_AUTOS = YES_AGGRESSIVE;
				GCC_WARN_UNUSED_FUNCTION = YES;
				GCC_WARN_UNUSED_VARIABLE = YES;
				IPHONEOS_DEPLOYMENT_TARGET = 10.0;
				MTL_ENABLE_DEBUG_INFO = NO;
				SDKROOT = iphoneos;
				SWIFT_OPTIMIZATION_LEVEL = "-Owholemodule";
				VALIDATE_PRODUCT = YES;
			};
			name = Release;
		};
		20458CC81D8EC40900BA02A0 /* Debug */ = {
			isa = XCBuildConfiguration;
			buildSettings = {
				ASSETCATALOG_COMPILER_APPICON_NAME = AppIcon;
				INFOPLIST_FILE = "项目演练/Info.plist";
				LD_RUNPATH_SEARCH_PATHS = "$(inherited) @executable_path/Frameworks";
				PRODUCT_BUNDLE_IDENTIFIER = "cn.itheima.----";
				PRODUCT_NAME = "$(TARGET_NAME)";
				SWIFT_VERSION = 3.0;
			};
			name = Debug;
		};
		20458CC91D8EC40900BA02A0 /* Release */ = {
			isa = XCBuildConfiguration;
			buildSettings = {
				ASSETCATALOG_COMPILER_APPICON_NAME = AppIcon;
				INFOPLIST_FILE = "项目演练/Info.plist";
				LD_RUNPATH_SEARCH_PATHS = "$(inherited) @executable_path/Frameworks";
				PRODUCT_BUNDLE_IDENTIFIER = "cn.itheima.----";
				PRODUCT_NAME = "$(TARGET_NAME)";
				SWIFT_VERSION = 3.0;
			};
			name = Release;
		};
/* End XCBuildConfiguration section */

/* Begin XCConfigurationList section */
		20458CB01D8EC40700BA02A0 /* Build configuration list for PBXProject "项目演练" */ = {
			isa = XCConfigurationList;
			buildConfigurations = (
				20458CC51D8EC40900BA02A0 /* Debug */,
				20458CC61D8EC40900BA02A0 /* Release */,
			);
			defaultConfigurationIsVisible = 0;
			defaultConfigurationName = Release;
		};
		20458CC71D8EC40900BA02A0 /* Build configuration list for PBXNativeTarget "项目演练" */ = {
			isa = XCConfigurationList;
			buildConfigurations = (
				20458CC81D8EC40900BA02A0 /* Debug */,
				20458CC91D8EC40900BA02A0 /* Release */,
			);
			defaultConfigurationIsVisible = 0;
			defaultConfigurationName = Release;
		};
/* End XCConfigurationList section */
	};
	rootObject = 20458CAD1D8EC40700BA02A0 /* Project object */;
}
