// !$*UTF8*$!
{
	archiveVersion = 1;
	classes = {
	};
	objectVersion = 46;
	objects = {

/* Begin PBXBuildFile section */
		2067AF521D8BC39000305E1F /* AppDelegate.swift in Sources */ = {isa = PBXBuildFile; fileRef = 2067AF511D8BC39000305E1F /* AppDelegate.swift */; };
		2067AF541D8BC39000305E1F /* ViewController.swift in Sources */ = {isa = PBXBuildFile; fileRef = 2067AF531D8BC39000305E1F /* ViewController.swift */; };
		2067AF571D8BC39000305E1F /* Main.storyboard in Resources */ = {isa = PBXBuildFile; fileRef = 2067AF551D8BC39000305E1F /* Main.storyboard */; };
		2067AF591D8BC39000305E1F /* Assets.xcassets in Resources */ = {isa = PBXBuildFile; fileRef = 2067AF581D8BC39000305E1F /* Assets.xcassets */; };
		2067AF5C1D8BC39000305E1F /* LaunchScreen.storyboard in Resources */ = {isa = PBXBuildFile; fileRef = 2067AF5A1D8BC39000305E1F /* LaunchScreen.storyboard */; };
		2067AF661D8BC8BA00305E1F /* ViewController.m in Sources */ = {isa = PBXBuildFile; fileRef = 2067AF651D8BC8BA00305E1F /* ViewController.m */; };
/* End PBXBuildFile section */

/* Begin PBXFileReference section */
		2067AF4E1D8BC39000305E1F /* TEST1.app */ = {isa = PBXFileReference; explicitFileType = wrapper.application; includeInIndex = 0; path = TEST1.app; sourceTree = BUILT_PRODUCTS_DIR; };
		2067AF511D8BC39000305E1F /* AppDelegate.swift */ = {isa = PBXFileReference; lastKnownFileType = sourcecode.swift; path = AppDelegate.swift; sourceTree = "<group>"; };
		2067AF531D8BC39000305E1F /* ViewController.swift */ = {isa = PBXFileReference; lastKnownFileType = sourcecode.swift; path = ViewController.swift; sourceTree = "<group>"; };
		2067AF561D8BC39000305E1F /* Base */ = {isa = PBXFileReference; lastKnownFileType = file.storyboard; name = Base; path = Base.lproj/Main.storyboard; sourceTree = "<group>"; };
		2067AF581D8BC39000305E1F /* Assets.xcassets */ = {isa = PBXFileReference; lastKnownFileType = folder.assetcatalog; path = Assets.xcassets; sourceTree = "<group>"; };
		2067AF5B1D8BC39000305E1F /* Base */ = {isa = PBXFileReference; lastKnownFileType = file.storyboard; name = Base; path = Base.lproj/LaunchScreen.storyboard; sourceTree = "<group>"; };
		2067AF5D1D8BC39000305E1F /* Info.plist */ = {isa = PBXFileReference; lastKnownFileType = text.plist.xml; path = Info.plist; sourceTree = "<group>"; };
		2067AF631D8BC8B900305E1F /* TEST1-Bridging-Header.h */ = {isa = PBXFileReference; lastKnownFileType = sourcecode.c.h; path = "TEST1-Bridging-Header.h"; sourceTree = "<group>"; };
		2067AF641D8BC8BA00305E1F /* ViewController.h */ = {isa = PBXFileReference; fileEncoding = 4; lastKnownFileType = sourcecode.c.h; path = ViewController.h; sourceTree = "<group>"; };
		2067AF651D8BC8BA00305E1F /* ViewController.m */ = {isa = PBXFileReference; fileEncoding = 4; lastKnownFileType = sourcecode.c.objc; path = ViewController.m; sourceTree = "<group>"; };
/* End PBXFileReference section */

/* Begin PBXFrameworksBuildPhase section */
		2067AF4B1D8BC38E00305E1F /* Frameworks */ = {
			isa = PBXFrameworksBuildPhase;
			buildActionMask = 2147483647;
			files = (
			);
			runOnlyForDeploymentPostprocessing = 0;
		};
/* End PBXFrameworksBuildPhase section */

/* Begin PBXGroup section */
		2067AF451D8BC38E00305E1F = {
			isa = PBXGroup;
			children = (
				2067AF501D8BC39000305E1F /* TEST1 */,
				2067AF4F1D8BC39000305E1F /* Products */,
			);
			sourceTree = "<group>";
		};
		2067AF4F1D8BC39000305E1F /* Products */ = {
			isa = PBXGroup;
			children = (
				2067AF4E1D8BC39000305E1F /* TEST1.app */,
			);
			name = Products;
			sourceTree = "<group>";
		};
		2067AF501D8BC39000305E1F /* TEST1 */ = {
			isa = PBXGroup;
			children = (
				2067AF511D8BC39000305E1F /* AppDelegate.swift */,
				2067AF531D8BC39000305E1F /* ViewController.swift */,
				2067AF641D8BC8BA00305E1F /* ViewController.h */,
				2067AF651D8BC8BA00305E1F /* ViewController.m */,
				2067AF551D8BC39000305E1F /* Main.storyboard */,
				2067AF581D8BC39000305E1F /* Assets.xcassets */,
				2067AF5A1D8BC39000305E1F /* LaunchScreen.storyboard */,
				2067AF5D1D8BC39000305E1F /* Info.plist */,
				2067AF631D8BC8B900305E1F /* TEST1-Bridging-Header.h */,
			);
			path = TEST1;
			sourceTree = "<group>";
		};
/* End PBXGroup section */

/* Begin PBXNativeTarget section */
		2067AF4D1D8BC38E00305E1F /* TEST1 */ = {
			isa = PBXNativeTarget;
			buildConfigurationList = 2067AF601D8BC39000305E1F /* Build configuration list for PBXNativeTarget "TEST1" */;
			buildPhases = (
				2067AF4A1D8BC38E00305E1F /* Sources */,
				2067AF4B1D8BC38E00305E1F /* Frameworks */,
				2067AF4C1D8BC38E00305E1F /* Resources */,
			);
			buildRules = (
			);
			dependencies = (
			);
			name = TEST1;
			productName = TEST1;
			productReference = 2067AF4E1D8BC39000305E1F /* TEST1.app */;
			productType = "com.apple.product-type.application";
		};
/* End PBXNativeTarget section */

/* Begin PBXProject section */
		2067AF461D8BC38E00305E1F /* Project object */ = {
			isa = PBXProject;
			attributes = {
				LastSwiftUpdateCheck = 0800;
				LastUpgradeCheck = 0800;
				ORGANIZATIONNAME = HM;
				TargetAttributes = {
					2067AF4D1D8BC38E00305E1F = {
						CreatedOnToolsVersion = 8.0;
						LastSwiftMigration = 0800;
						ProvisioningStyle = Automatic;
					};
				};
			};
			buildConfigurationList = 2067AF491D8BC38E00305E1F /* Build configuration list for PBXProject "TEST1" */;
			compatibilityVersion = "Xcode 3.2";
			developmentRegion = English;
			hasScannedForEncodings = 0;
			knownRegions = (
				en,
				Base,
			);
			mainGroup = 2067AF451D8BC38E00305E1F;
			productRefGroup = 2067AF4F1D8BC39000305E1F /* Products */;
			projectDirPath = "";
			projectRoot = "";
			targets = (
				2067AF4D1D8BC38E00305E1F /* TEST1 */,
			);
		};
/* End PBXProject section */

/* Begin PBXResourcesBuildPhase section */
		2067AF4C1D8BC38E00305E1F /* Resources */ = {
			isa = PBXResourcesBuildPhase;
			buildActionMask = 2147483647;
			files = (
				2067AF5C1D8BC39000305E1F /* LaunchScreen.storyboard in Resources */,
				2067AF591D8BC39000305E1F /* Assets.xcassets in Resources */,
				2067AF571D8BC39000305E1F /* Main.storyboard in Resources */,
			);
			runOnlyForDeploymentPostprocessing = 0;
		};
/* End PBXResourcesBuildPhase section */

/* Begin PBXSourcesBuildPhase section */
		2067AF4A1D8BC38E00305E1F /* Sources */ = {
			isa = PBXSourcesBuildPhase;
			buildActionMask = 2147483647;
			files = (
				2067AF661D8BC8BA00305E1F /* ViewController.m in Sources */,
				2067AF541D8BC39000305E1F /* ViewController.swift in Sources */,
				2067AF521D8BC39000305E1F /* AppDelegate.swift in Sources */,
			);
			runOnlyForDeploymentPostprocessing = 0;
		};
/* End PBXSourcesBuildPhase section */

/* Begin PBXVariantGroup section */
		2067AF551D8BC39000305E1F /* Main.storyboard */ = {
			isa = PBXVariantGroup;
			children = (
				2067AF561D8BC39000305E1F /* Base */,
			);
			name = Main.storyboard;
			sourceTree = "<group>";
		};
		2067AF5A1D8BC39000305E1F /* LaunchScreen.storyboard */ = {
			isa = PBXVariantGroup;
			children = (
				2067AF5B1D8BC39000305E1F /* Base */,
			);
			name = LaunchScreen.storyboard;
			sourceTree = "<group>";
		};
/* End PBXVariantGroup section */

/* Begin XCBuildConfiguration section */
		2067AF5E1D8BC39000305E1F /* Debug */ = {
			isa = XCBuildConfiguration;
			buildSettings = {
				ALWAYS_SEARCH_USER_PATHS = NO;
				CLANG_ANALYZER_NONNULL = YES;
				CLANG_CXX_LANGUAGE_STANDARD = "gnu++0x";
				CLANG_CXX_LIBRARY = "libc++";
				CLANG_ENABLE_MODULES = YES;
				CLANG_ENABLE_OBJC_ARC = YES;
				CLANG_WARN_BOOL_CONVERSION = YES;
				CLANG_WARN_CONSTANT_CONVERSION = YES;
				CLANG_WARN_DIRECT_OBJC_ISA_USAGE = YES_ERROR;
				CLANG_WARN_DOCUMENTATION_COMMENTS = YES;
				CLANG_WARN_EMPTY_BODY = YES;
				CLANG_WARN_ENUM_CONVERSION = YES;
				CLANG_WARN_INFINITE_RECURSION = YES;
				CLANG_WARN_INT_CONVERSION = YES;
				CLANG_WARN_OBJC_ROOT_CLASS = YES_ERROR;
				CLANG_WARN_SUSPICIOUS_MOVES = YES;
				CLANG_WARN_UNREACHABLE_CODE = YES;
				CLANG_WARN__DUPLICATE_METHOD_MATCH = YES;
				"CODE_SIGN_IDENTITY[sdk=iphoneos*]" = "iPhone Developer";
				COPY_PHASE_STRIP = NO;
				DEBUG_INFORMATION_FORMAT = dwarf;
				ENABLE_STRICT_OBJC_MSGSEND = YES;
				ENABLE_TESTABILITY = YES;
				GCC_C_LANGUAGE_STANDARD = gnu99;
				GCC_DYNAMIC_NO_PIC = NO;
				GCC_NO_COMMON_BLOCKS = YES;
				GCC_OPTIMIZATION_LEVEL = 0;
				GCC_PREPROCESSOR_DEFINITIONS = (
					"DEBUG=1",
					"$(inherited)",
				);
				GCC_WARN_64_TO_32_BIT_CONVERSION = YES;
				GCC_WARN_ABOUT_RETURN_TYPE = YES_ERROR;
				GCC_WARN_UNDECLARED_SELECTOR = YES;
				GCC_WARN_UNINITIALIZED_AUTOS = YES_AGGRESSIVE;
				GCC_WARN_UNUSED_FUNCTION = YES;
				GCC_WARN_UNUSED_VARIABLE = YES;
				IPHONEOS_DEPLOYMENT_TARGET = 10.0;
				MTL_ENABLE_DEBUG_INFO = YES;
				ONLY_ACTIVE_ARCH = YES;
				SDKROOT = iphoneos;
				SWIFT_ACTIVE_COMPILATION_CONDITIONS = DEBUG;
				SWIFT_OPTIMIZATION_LEVEL = "-Onone";
			};
			name = Debug;
		};
		2067AF5F1D8BC39000305E1F /* Release */ = {
			isa = XCBuildConfiguration;
			buildSettings = {
				ALWAYS_SEARCH_USER_PATHS = NO;
				CLANG_ANALYZER_NONNULL = YES;
				CLANG_CXX_LANGUAGE_STANDARD = "gnu++0x";
				CLANG_CXX_LIBRARY = "libc++";
				CLANG_ENABLE_MODULES = YES;
				CLANG_ENABLE_OBJC_ARC = YES;
				CLANG_WARN_BOOL_CONVERSION = YES;
				CLANG_WARN_CONSTANT_CONVERSION = YES;
				CLANG_WARN_DIRECT_OBJC_ISA_USAGE = YES_ERROR;
				CLANG_WARN_DOCUMENTATION_COMMENTS = YES;
				CLANG_WARN_EMPTY_BODY = YES;
				CLANG_WARN_ENUM_CONVERSION = YES;
				CLANG_WARN_INFINITE_RECURSION = YES;
				CLANG_WARN_INT_CONVERSION = YES;
				CLANG_WARN_OBJC_ROOT_CLASS = YES_ERROR;
				CLANG_WARN_SUSPICIOUS_MOVES = YES;
				CLANG_WARN_UNREACHABLE_CODE = YES;
				CLANG_WARN__DUPLICATE_METHOD_MATCH = YES;
				"CODE_SIGN_IDENTITY[sdk=iphoneos*]" = "iPhone Developer";
				COPY_PHASE_STRIP = NO;
				DEBUG_INFORMATION_FORMAT = "dwarf-with-dsym";
				ENABLE_NS_ASSERTIONS = NO;
				ENABLE_STRICT_OBJC_MSGSEND = YES;
				GCC_C_LANGUAGE_STANDARD = gnu99;
				GCC_NO_COMMON_BLOCKS = YES;
				GCC_WARN_64_TO_32_BIT_CONVERSION = YES;
				GCC_WARN_ABOUT_RETURN_TYPE = YES_ERROR;
				GCC_WARN_UNDECLARED_SELECTOR = YES;
				GCC_WARN_UNINITIALIZED_AUTOS = YES_AGGRESSIVE;
				GCC_WARN_UNUSED_FUNCTION = YES;
				GCC_WARN_UNUSED_VARIABLE = YES;
				IPHONEOS_DEPLOYMENT_TARGET = 10.0;
				MTL_ENABLE_DEBUG_INFO = NO;
				SDKROOT = iphoneos;
				SWIFT_OPTIMIZATION_LEVEL = "-Owholemodule";
				VALIDATE_PRODUCT = YES;
			};
			name = Release;
		};
		2067AF611D8BC39000305E1F /* Debug */ = {
			isa = XCBuildConfiguration;
			buildSettings = {
				ASSETCATALOG_COMPILER_APPICON_NAME = AppIcon;
				CLANG_ENABLE_MODULES = YES;
				INFOPLIST_FILE = TEST1/Info.plist;
				LD_RUNPATH_SEARCH_PATHS = "$(inherited) @executable_path/Frameworks";
				PRODUCT_BUNDLE_IDENTIFIER = cn.itheima.TEST1;
				PRODUCT_NAME = "$(TARGET_NAME)";
				SWIFT_OBJC_BRIDGING_HEADER = "TEST1/TEST1-Bridging-Header.h";
				SWIFT_OPTIMIZATION_LEVEL = "-Onone";
				SWIFT_VERSION = 3.0;
			};
			name = Debug;
		};
		2067AF621D8BC39000305E1F /* Release */ = {
			isa = XCBuildConfiguration;
			buildSettings = {
				ASSETCATALOG_COMPILER_APPICON_NAME = AppIcon;
				CLANG_ENABLE_MODULES = YES;
				INFOPLIST_FILE = TEST1/Info.plist;
				LD_RUNPATH_SEARCH_PATHS = "$(inherited) @executable_path/Frameworks";
				PRODUCT_BUNDLE_IDENTIFIER = cn.itheima.TEST1;
				PRODUCT_NAME = "$(TARGET_NAME)";
				SWIFT_OBJC_BRIDGING_HEADER = "TEST1/TEST1-Bridging-Header.h";
				SWIFT_VERSION = 3.0;
			};
			name = Release;
		};
/* End XCBuildConfiguration section */

/* Begin XCConfigurationList section */
		2067AF491D8BC38E00305E1F /* Build configuration list for PBXProject "TEST1" */ = {
			isa = XCConfigurationList;
			buildConfigurations = (
				2067AF5E1D8BC39000305E1F /* Debug */,
				2067AF5F1D8BC39000305E1F /* Release */,
			);
			defaultConfigurationIsVisible = 0;
			defaultConfigurationName = Release;
		};
		2067AF601D8BC39000305E1F /* Build configuration list for PBXNativeTarget "TEST1" */ = {
			isa = XCConfigurationList;
			buildConfigurations = (
				2067AF611D8BC39000305E1F /* Debug */,
				2067AF621D8BC39000305E1F /* Release */,
			);
			defaultConfigurationIsVisible = 0;
			defaultConfigurationName = Release;
		};
/* End XCConfigurationList section */
	};
	rootObject = 2067AF461D8BC38E00305E1F /* Project object */;
}
